
Microsoft Visual Studio Solution File, Format Version 12.00
# Visual Studio 15
VisualStudioVersion = 15.0.26621.2
MinimumVisualStudioVersion = 10.0.40219.1
Project("{9A19103F-16F7-4668-BE54-9A1E7A4F7556}") = "TugOfWar-CSharp", "TugOfWar-CSharp\TugOfWar-CSharp.csproj", "{E514750E-B287-4AF4-BC68-E756569E9A7C}"
EndProject
Global
	GlobalSection(SolutionConfigurationPlatforms) = preSolution
		Debug|Any CPU = Debug|Any CPU
		Release|Any CPU = Release|Any CPU
	EndGlobalSection
	GlobalSection(ProjectConfigurationPlatforms) = postSolution
		{E514750E-B287-4AF4-BC68-E756569E9A7C}.Debug|Any CPU.ActiveCfg = Debug|Any CPU
		{E514750E-B287-4AF4-BC68-E756569E9A7C}.Debug|Any CPU.Build.0 = Debug|Any CPU
		{E514750E-B287-4AF4-BC68-E756569E9A7C}.Release|Any CPU.ActiveCfg = Release|Any CPU
		{E514750E-B287-4AF4-BC68-E756569E9A7C}.Release|Any CPU.Build.0 = Release|Any CPU
	EndGlobalSection
	GlobalSection(SolutionProperties) = preSolution
		HideSolutionNode = FALSE
	EndGlobalSection
	GlobalSection(ExtensibilityGlobals) = postSolution
		SolutionGuid = {4D234C1E-3DE1-4833-B4F4-936204E4DC07}
	EndGlobalSection
EndGlobal
